
Microsoft Visual Studio Solution File, Format Version 12.00
# Visual Studio Version 17
VisualStudioVersion = 17.5.002.0
MinimumVisualStudioVersion = 10.0.40219.1
Project("{9A19103F-16F7-4668-BE54-9A1E7A4F7556}") = "CRUD_Dapper", "CRUD_Dapper.csproj", "{BA8CD547-B9B3-4E46-BF40-94B045FAF469}"
EndProject
Global
	GlobalSection(SolutionConfigurationPlatforms) = preSolution
		Debug|Any CPU = Debug|Any CPU
		Release|Any CPU = Release|Any CPU
	EndGlobalSection
	GlobalSection(ProjectConfigurationPlatforms) = postSolution
		{BA8CD547-B9B3-4E46-BF40-94B045FAF469}.Debug|Any CPU.ActiveCfg = Debug|Any CPU
		{BA8CD547-B9B3-4E46-BF40-94B045FAF469}.Debug|Any CPU.Build.0 = Debug|Any CPU
		{BA8CD547-B9B3-4E46-BF40-94B045FAF469}.Release|Any CPU.ActiveCfg = Release|Any CPU
		{BA8CD547-B9B3-4E46-BF40-94B045FAF469}.Release|Any CPU.Build.0 = Release|Any CPU
	EndGlobalSection
	GlobalSection(SolutionProperties) = preSolution
		HideSolutionNode = FALSE
	EndGlobalSection
	GlobalSection(ExtensibilityGlobals) = postSolution
		SolutionGuid = {575B97BA-2A39-41BD-B9AB-F2531F7C5917}
	EndGlobalSection
EndGlobal
